// !$*UTF8*$!
{
	archiveVersion = 1;
	classes = {
	};
	objectVersion = 46;
	objects = {

/* Begin PBXBuildFile section */
		38880BD1E6E3D93C57FE9949 /* Pods.framework in Frameworks */ = {isa = PBXBuildFile; fileRef = 9E5AE6D60FDDC962F7CE3905 /* Pods.framework */; settings = {ATTRIBUTES = (Weak, ); }; };
		423BE0C51ABB657400133302 /* plus.png in Resources */ = {isa = PBXBuildFile; fileRef = 423BE0C41ABB657400133302 /* plus.png */; };
		423BE0C81ABB7A1A00133302 /* UIViewFunctions.m in Sources */ = {isa = PBXBuildFile; fileRef = 423BE0C71ABB7A1A00133302 /* UIViewFunctions.m */; };
		42C5BDA21ABBA5FE00284266 /* CustomSegue.m in Sources */ = {isa = PBXBuildFile; fileRef = 42C5BDA11ABBA5FE00284266 /* CustomSegue.m */; };
		42C5BDA61ABBA98600284266 /* backArrow.png in Resources */ = {isa = PBXBuildFile; fileRef = 42C5BDA51ABBA98600284266 /* backArrow.png */; };
		42D04C0B1ABA66C200A22B28 /* BookshelfViewCell.m in Sources */ = {isa = PBXBuildFile; fileRef = 42D04C0A1ABA66C200A22B28 /* BookshelfViewCell.m */; };
		42D04C141ABA7C1200A22B28 /* InternetConnection.m in Sources */ = {isa = PBXBuildFile; fileRef = 42D04C131ABA7C1200A22B28 /* InternetConnection.m */; };
		42FE5DC21ABA5C84005B6673 /* main.m in Sources */ = {isa = PBXBuildFile; fileRef = 42FE5DC11ABA5C84005B6673 /* main.m */; };
		42FE5DC51ABA5C84005B6673 /* AppDelegate.m in Sources */ = {isa = PBXBuildFile; fileRef = 42FE5DC41ABA5C84005B6673 /* AppDelegate.m */; };
		42FE5DC81ABA5C84005B6673 /* Library.xcdatamodeld in Sources */ = {isa = PBXBuildFile; fileRef = 42FE5DC61ABA5C84005B6673 /* Library.xcdatamodeld */; };
		42FE5DCB1ABA5C84005B6673 /* ViewController.m in Sources */ = {isa = PBXBuildFile; fileRef = 42FE5DCA1ABA5C84005B6673 /* ViewController.m */; };
		42FE5DCE1ABA5C84005B6673 /* Main.storyboard in Resources */ = {isa = PBXBuildFile; fileRef = 42FE5DCC1ABA5C84005B6673 /* Main.storyboard */; };
		42FE5DD01ABA5C84005B6673 /* Images.xcassets in Resources */ = {isa = PBXBuildFile; fileRef = 42FE5DCF1ABA5C84005B6673 /* Images.xcassets */; };
		42FE5DD31ABA5C84005B6673 /* LaunchScreen.xib in Resources */ = {isa = PBXBuildFile; fileRef = 42FE5DD11ABA5C84005B6673 /* LaunchScreen.xib */; };
		42FE5DDF1ABA5C84005B6673 /* LibraryTests.m in Sources */ = {isa = PBXBuildFile; fileRef = 42FE5DDE1ABA5C84005B6673 /* LibraryTests.m */; };
/* End PBXBuildFile section */

/* Begin PBXContainerItemProxy section */
		42FE5DD91ABA5C84005B6673 /* PBXContainerItemProxy */ = {
			isa = PBXContainerItemProxy;
			containerPortal = 42FE5DB41ABA5C84005B6673 /* Project object */;
			proxyType = 1;
			remoteGlobalIDString = 42FE5DBB1ABA5C84005B6673;
			remoteInfo = Library;
		};
/* End PBXContainerItemProxy section */

/* Begin PBXFileReference section */
		3AEDED8738AA656D16535C38 /* Pods.debug.xcconfig */ = {isa = PBXFileReference; includeInIndex = 1; lastKnownFileType = text.xcconfig; name = Pods.debug.xcconfig; path = "Pods/Target Support Files/Pods/Pods.debug.xcconfig"; sourceTree = "<group>"; };
		423BE0C41ABB657400133302 /* plus.png */ = {isa = PBXFileReference; lastKnownFileType = image.png; path = plus.png; sourceTree = "<group>"; };
		423BE0C61ABB7A1A00133302 /* UIViewFunctions.h */ = {isa = PBXFileReference; fileEncoding = 4; lastKnownFileType = sourcecode.c.h; path = UIViewFunctions.h; sourceTree = "<group>"; };
		423BE0C71ABB7A1A00133302 /* UIViewFunctions.m */ = {isa = PBXFileReference; fileEncoding = 4; lastKnownFileType = sourcecode.c.objc; path = UIViewFunctions.m; sourceTree = "<group>"; };
		42C5BDA01ABBA5FE00284266 /* CustomSegue.h */ = {isa = PBXFileReference; fileEncoding = 4; lastKnownFileType = sourcecode.c.h; path = CustomSegue.h; sourceTree = "<group>"; };
		42C5BDA11ABBA5FE00284266 /* CustomSegue.m */ = {isa = PBXFileReference; fileEncoding = 4; lastKnownFileType = sourcecode.c.objc; path = CustomSegue.m; sourceTree = "<group>"; };
		42C5BDA51ABBA98600284266 /* backArrow.png */ = {isa = PBXFileReference; lastKnownFileType = image.png; path = backArrow.png; sourceTree = "<group>"; };
		42D04C091ABA66C200A22B28 /* BookshelfViewCell.h */ = {isa = PBXFileReference; fileEncoding = 4; lastKnownFileType = sourcecode.c.h; path = BookshelfViewCell.h; sourceTree = "<group>"; };
		42D04C0A1ABA66C200A22B28 /* BookshelfViewCell.m */ = {isa = PBXFileReference; fileEncoding = 4; lastKnownFileType = sourcecode.c.objc; path = BookshelfViewCell.m; sourceTree = "<group>"; };
		42D04C121ABA7C1200A22B28 /* InternetConnection.h */ = {isa = PBXFileReference; fileEncoding = 4; lastKnownFileType = sourcecode.c.h; path = InternetConnection.h; sourceTree = "<group>"; };
		42D04C131ABA7C1200A22B28 /* InternetConnection.m */ = {isa = PBXFileReference; fileEncoding = 4; lastKnownFileType = sourcecode.c.objc; path = InternetConnection.m; sourceTree = "<group>"; };
		42FE5DBC1ABA5C84005B6673 /* Library.app */ = {isa = PBXFileReference; explicitFileType = wrapper.application; includeInIndex = 0; path = Library.app; sourceTree = BUILT_PRODUCTS_DIR; };
		42FE5DC01ABA5C84005B6673 /* Info.plist */ = {isa = PBXFileReference; lastKnownFileType = text.plist.xml; path = Info.plist; sourceTree = "<group>"; };
		42FE5DC11ABA5C84005B6673 /* main.m */ = {isa = PBXFileReference; lastKnownFileType = sourcecode.c.objc; path = main.m; sourceTree = "<group>"; };
		42FE5DC31ABA5C84005B6673 /* AppDelegate.h */ = {isa = PBXFileReference; lastKnownFileType = sourcecode.c.h; path = AppDelegate.h; sourceTree = "<group>"; };
		42FE5DC41ABA5C84005B6673 /* AppDelegate.m */ = {isa = PBXFileReference; lastKnownFileType = sourcecode.c.objc; path = AppDelegate.m; sourceTree = "<group>"; };
		42FE5DC71ABA5C84005B6673 /* Library.xcdatamodel */ = {isa = PBXFileReference; lastKnownFileType = wrapper.xcdatamodel; path = Library.xcdatamodel; sourceTree = "<group>"; };
		42FE5DC91ABA5C84005B6673 /* ViewController.h */ = {isa = PBXFileReference; lastKnownFileType = sourcecode.c.h; path = ViewController.h; sourceTree = "<group>"; };
		42FE5DCA1ABA5C84005B6673 /* ViewController.m */ = {isa = PBXFileReference; lastKnownFileType = sourcecode.c.objc; path = ViewController.m; sourceTree = "<group>"; };
		42FE5DCD1ABA5C84005B6673 /* Base */ = {isa = PBXFileReference; lastKnownFileType = file.storyboard; name = Base; path = Base.lproj/Main.storyboard; sourceTree = "<group>"; };
		42FE5DCF1ABA5C84005B6673 /* Images.xcassets */ = {isa = PBXFileReference; lastKnownFileType = folder.assetcatalog; path = Images.xcassets; sourceTree = "<group>"; };
		42FE5DD21ABA5C84005B6673 /* Base */ = {isa = PBXFileReference; lastKnownFileType = file.xib; name = Base; path = Base.lproj/LaunchScreen.xib; sourceTree = "<group>"; };
		42FE5DD81ABA5C84005B6673 /* LibraryTests.xctest */ = {isa = PBXFileReference; explicitFileType = wrapper.cfbundle; includeInIndex = 0; path = LibraryTests.xctest; sourceTree = BUILT_PRODUCTS_DIR; };
		42FE5DDD1ABA5C84005B6673 /* Info.plist */ = {isa = PBXFileReference; lastKnownFileType = text.plist.xml; path = Info.plist; sourceTree = "<group>"; };
		42FE5DDE1ABA5C84005B6673 /* LibraryTests.m */ = {isa = PBXFileReference; lastKnownFileType = sourcecode.c.objc; path = LibraryTests.m; sourceTree = "<group>"; };
		9E5AE6D60FDDC962F7CE3905 /* Pods.framework */ = {isa = PBXFileReference; explicitFileType = wrapper.framework; includeInIndex = 0; path = Pods.framework; sourceTree = BUILT_PRODUCTS_DIR; };
		A35EC7AFCC287B8D1246F358 /* Pods.release.xcconfig */ = {isa = PBXFileReference; includeInIndex = 1; lastKnownFileType = text.xcconfig; name = Pods.release.xcconfig; path = "Pods/Target Support Files/Pods/Pods.release.xcconfig"; sourceTree = "<group>"; };
/* End PBXFileReference section */

/* Begin PBXFrameworksBuildPhase section */
		42FE5DB91ABA5C84005B6673 /* Frameworks */ = {
			isa = PBXFrameworksBuildPhase;
			buildActionMask = 2147483647;
			files = (
				38880BD1E6E3D93C57FE9949 /* Pods.framework in Frameworks */,
			);
			runOnlyForDeploymentPostprocessing = 0;
		};
		42FE5DD51ABA5C84005B6673 /* Frameworks */ = {
			isa = PBXFrameworksBuildPhase;
			buildActionMask = 2147483647;
			files = (
			);
			runOnlyForDeploymentPostprocessing = 0;
		};
/* End PBXFrameworksBuildPhase section */

/* Begin PBXGroup section */
		423BE0C31ABB655800133302 /* Images */ = {
			isa = PBXGroup;
			children = (
				423BE0C41ABB657400133302 /* plus.png */,
				42C5BDA51ABBA98600284266 /* backArrow.png */,
			);
			name = Images;
			sourceTree = "<group>";
		};
		42FE5DB31ABA5C84005B6673 = {
			isa = PBXGroup;
			children = (
				42FE5DBE1ABA5C84005B6673 /* Library */,
				42FE5DDB1ABA5C84005B6673 /* LibraryTests */,
				42FE5DBD1ABA5C84005B6673 /* Products */,
				54885D9C7F4AAC57F8CFE2F2 /* Pods */,
				727B8FC03D3A071B009A5801 /* Frameworks */,
			);
			sourceTree = "<group>";
		};
		42FE5DBD1ABA5C84005B6673 /* Products */ = {
			isa = PBXGroup;
			children = (
				42FE5DBC1ABA5C84005B6673 /* Library.app */,
				42FE5DD81ABA5C84005B6673 /* LibraryTests.xctest */,
			);
			name = Products;
			sourceTree = "<group>";
		};
		42FE5DBE1ABA5C84005B6673 /* Library */ = {
			isa = PBXGroup;
			children = (
				42FE5DC31ABA5C84005B6673 /* AppDelegate.h */,
				42FE5DC41ABA5C84005B6673 /* AppDelegate.m */,
				42FE5DC91ABA5C84005B6673 /* ViewController.h */,
				42FE5DCA1ABA5C84005B6673 /* ViewController.m */,
				42D04C091ABA66C200A22B28 /* BookshelfViewCell.h */,
				42D04C0A1ABA66C200A22B28 /* BookshelfViewCell.m */,
				42C5BDA01ABBA5FE00284266 /* CustomSegue.h */,
				42C5BDA11ABBA5FE00284266 /* CustomSegue.m */,
				42D04C121ABA7C1200A22B28 /* InternetConnection.h */,
				42D04C131ABA7C1200A22B28 /* InternetConnection.m */,
				423BE0C61ABB7A1A00133302 /* UIViewFunctions.h */,
				423BE0C71ABB7A1A00133302 /* UIViewFunctions.m */,
				42FE5DCC1ABA5C84005B6673 /* Main.storyboard */,
				42FE5DCF1ABA5C84005B6673 /* Images.xcassets */,
				42FE5DD11ABA5C84005B6673 /* LaunchScreen.xib */,
				42FE5DC61ABA5C84005B6673 /* Library.xcdatamodeld */,
				423BE0C31ABB655800133302 /* Images */,
				42FE5DBF1ABA5C84005B6673 /* Supporting Files */,
			);
			path = Library;
			sourceTree = "<group>";
		};
		42FE5DBF1ABA5C84005B6673 /* Supporting Files */ = {
			isa = PBXGroup;
			children = (
				42FE5DC01ABA5C84005B6673 /* Info.plist */,
				42FE5DC11ABA5C84005B6673 /* main.m */,
			);
			name = "Supporting Files";
			sourceTree = "<group>";
		};
		42FE5DDB1ABA5C84005B6673 /* LibraryTests */ = {
			isa = PBXGroup;
			children = (
				42FE5DDE1ABA5C84005B6673 /* LibraryTests.m */,
				42FE5DDC1ABA5C84005B6673 /* Supporting Files */,
			);
			path = LibraryTests;
			sourceTree = "<group>";
		};
		42FE5DDC1ABA5C84005B6673 /* Supporting Files */ = {
			isa = PBXGroup;
			children = (
				42FE5DDD1ABA5C84005B6673 /* Info.plist */,
			);
			name = "Supporting Files";
			sourceTree = "<group>";
		};
		54885D9C7F4AAC57F8CFE2F2 /* Pods */ = {
			isa = PBXGroup;
			children = (
				3AEDED8738AA656D16535C38 /* Pods.debug.xcconfig */,
				A35EC7AFCC287B8D1246F358 /* Pods.release.xcconfig */,
			);
			name = Pods;
			sourceTree = "<group>";
		};
		727B8FC03D3A071B009A5801 /* Frameworks */ = {
			isa = PBXGroup;
			children = (
				9E5AE6D60FDDC962F7CE3905 /* Pods.framework */,
			);
			name = Frameworks;
			sourceTree = "<group>";
		};
/* End PBXGroup section */

/* Begin PBXNativeTarget section */
		42FE5DBB1ABA5C84005B6673 /* Library */ = {
			isa = PBXNativeTarget;
			buildConfigurationList = 42FE5DE21ABA5C84005B6673 /* Build configuration list for PBXNativeTarget "Library" */;
			buildPhases = (
				AFD796DF6B47FED74D49D1D3 /* Check Pods Manifest.lock */,
				42FE5DB81ABA5C84005B6673 /* Sources */,
				42FE5DB91ABA5C84005B6673 /* Frameworks */,
				42FE5DBA1ABA5C84005B6673 /* Resources */,
				39D924109B05E28E67E50669 /* Embed Pods Frameworks */,
				1017B8390B3FABF940393AD8 /* Copy Pods Resources */,
			);
			buildRules = (
			);
			dependencies = (
			);
			name = Library;
			productName = Library;
			productReference = 42FE5DBC1ABA5C84005B6673 /* Library.app */;
			productType = "com.apple.product-type.application";
		};
		42FE5DD71ABA5C84005B6673 /* LibraryTests */ = {
			isa = PBXNativeTarget;
			buildConfigurationList = 42FE5DE51ABA5C84005B6673 /* Build configuration list for PBXNativeTarget "LibraryTests" */;
			buildPhases = (
				42FE5DD41ABA5C84005B6673 /* Sources */,
				42FE5DD51ABA5C84005B6673 /* Frameworks */,
				42FE5DD61ABA5C84005B6673 /* Resources */,
			);
			buildRules = (
			);
			dependencies = (
				42FE5DDA1ABA5C84005B6673 /* PBXTargetDependency */,
			);
			name = LibraryTests;
			productName = LibraryTests;
			productReference = 42FE5DD81ABA5C84005B6673 /* LibraryTests.xctest */;
			productType = "com.apple.product-type.bundle.unit-test";
		};
/* End PBXNativeTarget section */

/* Begin PBXProject section */
		42FE5DB41ABA5C84005B6673 /* Project object */ = {
			isa = PBXProject;
			attributes = {
				LastUpgradeCheck = 0620;
				ORGANIZATIONNAME = "Kedan Li";
				TargetAttributes = {
					42FE5DBB1ABA5C84005B6673 = {
						CreatedOnToolsVersion = 6.2;
						DevelopmentTeam = Z52YC535HH;
					};
					42FE5DD71ABA5C84005B6673 = {
						CreatedOnToolsVersion = 6.2;
						TestTargetID = 42FE5DBB1ABA5C84005B6673;
					};
				};
			};
			buildConfigurationList = 42FE5DB71ABA5C84005B6673 /* Build configuration list for PBXProject "Library" */;
			compatibilityVersion = "Xcode 3.2";
			developmentRegion = English;
			hasScannedForEncodings = 0;
			knownRegions = (
				en,
				Base,
			);
			mainGroup = 42FE5DB31ABA5C84005B6673;
			productRefGroup = 42FE5DBD1ABA5C84005B6673 /* Products */;
			projectDirPath = "";
			projectRoot = "";
			targets = (
				42FE5DBB1ABA5C84005B6673 /* Library */,
				42FE5DD71ABA5C84005B6673 /* LibraryTests */,
			);
		};
/* End PBXProject section */

/* Begin PBXResourcesBuildPhase section */
		42FE5DBA1ABA5C84005B6673 /* Resources */ = {
			isa = PBXResourcesBuildPhase;
			buildActionMask = 2147483647;
			files = (
				42FE5DCE1ABA5C84005B6673 /* Main.storyboard in Resources */,
				42FE5DD31ABA5C84005B6673 /* LaunchScreen.xib in Resources */,
				42FE5DD01ABA5C84005B6673 /* Images.xcassets in Resources */,
				423BE0C51ABB657400133302 /* plus.png in Resources */,
				42C5BDA61ABBA98600284266 /* backArrow.png in Resources */,
			);
			runOnlyForDeploymentPostprocessing = 0;
		};
		42FE5DD61ABA5C84005B6673 /* Resources */ = {
			isa = PBXResourcesBuildPhase;
			buildActionMask = 2147483647;
			files = (
			);
			runOnlyForDeploymentPostprocessing = 0;
		};
/* End PBXResourcesBuildPhase section */

/* Begin PBXShellScriptBuildPhase section */
		1017B8390B3FABF940393AD8 /* Copy Pods Resources */ = {
			isa = PBXShellScriptBuildPhase;
			buildActionMask = 2147483647;
			files = (
			);
			inputPaths = (
			);
			name = "Copy Pods Resources";
			outputPaths = (
			);
			runOnlyForDeploymentPostprocessing = 0;
			shellPath = /bin/sh;
			shellScript = "\"${SRCROOT}/Pods/Target Support Files/Pods/Pods-resources.sh\"\n";
			showEnvVarsInLog = 0;
		};
		39D924109B05E28E67E50669 /* Embed Pods Frameworks */ = {
			isa = PBXShellScriptBuildPhase;
			buildActionMask = 2147483647;
			files = (
			);
			inputPaths = (
			);
			name = "Embed Pods Frameworks";
			outputPaths = (
			);
			runOnlyForDeploymentPostprocessing = 0;
			shellPath = /bin/sh;
			shellScript = "\"${SRCROOT}/Pods/Target Support Files/Pods/Pods-frameworks.sh\"\n";
			showEnvVarsInLog = 0;
		};
		AFD796DF6B47FED74D49D1D3 /* Check Pods Manifest.lock */ = {
			isa = PBXShellScriptBuildPhase;
			buildActionMask = 2147483647;
			files = (
			);
			inputPaths = (
			);
			name = "Check Pods Manifest.lock";
			outputPaths = (
			);
			runOnlyForDeploymentPostprocessing = 0;
			shellPath = /bin/sh;
			shellScript = "diff \"${PODS_ROOT}/../Podfile.lock\" \"${PODS_ROOT}/Manifest.lock\" > /dev/null\nif [[ $? != 0 ]] ; then\n    cat << EOM\nerror: The sandbox is not in sync with the Podfile.lock. Run 'pod install' or update your CocoaPods installation.\nEOM\n    exit 1\nfi\n";
			showEnvVarsInLog = 0;
		};
/* End PBXShellScriptBuildPhase section */

/* Begin PBXSourcesBuildPhase section */
		42FE5DB81ABA5C84005B6673 /* Sources */ = {
			isa = PBXSourcesBuildPhase;
			buildActionMask = 2147483647;
			files = (
				42D04C141ABA7C1200A22B28 /* InternetConnection.m in Sources */,
				42D04C0B1ABA66C200A22B28 /* BookshelfViewCell.m in Sources */,
				42FE5DC51ABA5C84005B6673 /* AppDelegate.m in Sources */,
				423BE0C81ABB7A1A00133302 /* UIViewFunctions.m in Sources */,
				42C5BDA21ABBA5FE00284266 /* CustomSegue.m in Sources */,
				42FE5DC21ABA5C84005B6673 /* main.m in Sources */,
				42FE5DCB1ABA5C84005B6673 /* ViewController.m in Sources */,
				42FE5DC81ABA5C84005B6673 /* Library.xcdatamodeld in Sources */,
			);
			runOnlyForDeploymentPostprocessing = 0;
		};
		42FE5DD41ABA5C84005B6673 /* Sources */ = {
			isa = PBXSourcesBuildPhase;
			buildActionMask = 2147483647;
			files = (
				42FE5DDF1ABA5C84005B6673 /* LibraryTests.m in Sources */,
			);
			runOnlyForDeploymentPostprocessing = 0;
		};
/* End PBXSourcesBuildPhase section */

/* Begin PBXTargetDependency section */
		42FE5DDA1ABA5C84005B6673 /* PBXTargetDependency */ = {
			isa = PBXTargetDependency;
			target = 42FE5DBB1ABA5C84005B6673 /* Library */;
			targetProxy = 42FE5DD91ABA5C84005B6673 /* PBXContainerItemProxy */;
		};
/* End PBXTargetDependency section */

/* Begin PBXVariantGroup section */
		42FE5DCC1ABA5C84005B6673 /* Main.storyboard */ = {
			isa = PBXVariantGroup;
			children = (
				42FE5DCD1ABA5C84005B6673 /* Base */,
			);
			name = Main.storyboard;
			sourceTree = "<group>";
		};
		42FE5DD11ABA5C84005B6673 /* LaunchScreen.xib */ = {
			isa = PBXVariantGroup;
			children = (
				42FE5DD21ABA5C84005B6673 /* Base */,
			);
			name = LaunchScreen.xib;
			sourceTree = "<group>";
		};
/* End PBXVariantGroup section */

/* Begin XCBuildConfiguration section */
		42FE5DE01ABA5C84005B6673 /* Debug */ = {
			isa = XCBuildConfiguration;
			buildSettings = {
				ALWAYS_SEARCH_USER_PATHS = NO;
				CLANG_CXX_LANGUAGE_STANDARD = "gnu++0x";
				CLANG_CXX_LIBRARY = "libc++";
				CLANG_ENABLE_MODULES = YES;
				CLANG_ENABLE_OBJC_ARC = YES;
				CLANG_WARN_BOOL_CONVERSION = YES;
				CLANG_WARN_CONSTANT_CONVERSION = YES;
				CLANG_WARN_DIRECT_OBJC_ISA_USAGE = YES_ERROR;
				CLANG_WARN_EMPTY_BODY = YES;
				CLANG_WARN_ENUM_CONVERSION = YES;
				CLANG_WARN_INT_CONVERSION = YES;
				CLANG_WARN_OBJC_ROOT_CLASS = YES_ERROR;
				CLANG_WARN_UNREACHABLE_CODE = YES;
				CLANG_WARN__DUPLICATE_METHOD_MATCH = YES;
				"CODE_SIGN_IDENTITY[sdk=iphoneos*]" = "iPhone Developer";
				COPY_PHASE_STRIP = NO;
				ENABLE_STRICT_OBJC_MSGSEND = YES;
				GCC_C_LANGUAGE_STANDARD = gnu99;
				GCC_DYNAMIC_NO_PIC = NO;
				GCC_OPTIMIZATION_LEVEL = 0;
				GCC_PREPROCESSOR_DEFINITIONS = (
					"DEBUG=1",
					"$(inherited)",
				);
				GCC_SYMBOLS_PRIVATE_EXTERN = NO;
				GCC_WARN_64_TO_32_BIT_CONVERSION = YES;
				GCC_WARN_ABOUT_RETURN_TYPE = YES_ERROR;
				GCC_WARN_UNDECLARED_SELECTOR = YES;
				GCC_WARN_UNINITIALIZED_AUTOS = YES_AGGRESSIVE;
				GCC_WARN_UNUSED_FUNCTION = YES;
				GCC_WARN_UNUSED_VARIABLE = YES;
				IPHONEOS_DEPLOYMENT_TARGET = 8.2;
				MTL_ENABLE_DEBUG_INFO = YES;
				ONLY_ACTIVE_ARCH = YES;
				SDKROOT = iphoneos;
			};
			name = Debug;
		};
		42FE5DE11ABA5C84005B6673 /* Release */ = {
			isa = XCBuildConfiguration;
			buildSettings = {
				ALWAYS_SEARCH_USER_PATHS = NO;
				CLANG_CXX_LANGUAGE_STANDARD = "gnu++0x";
				CLANG_CXX_LIBRARY = "libc++";
				CLANG_ENABLE_MODULES = YES;
				CLANG_ENABLE_OBJC_ARC = YES;
				CLANG_WARN_BOOL_CONVERSION = YES;
				CLANG_WARN_CONSTANT_CONVERSION = YES;
				CLANG_WARN_DIRECT_OBJC_ISA_USAGE = YES_ERROR;
				CLANG_WARN_EMPTY_BODY = YES;
				CLANG_WARN_ENUM_CONVERSION = YES;
				CLANG_WARN_INT_CONVERSION = YES;
				CLANG_WARN_OBJC_ROOT_CLASS = YES_ERROR;
				CLANG_WARN_UNREACHABLE_CODE = YES;
				CLANG_WARN__DUPLICATE_METHOD_MATCH = YES;
				"CODE_SIGN_IDENTITY[sdk=iphoneos*]" = "iPhone Developer";
				COPY_PHASE_STRIP = NO;
				ENABLE_NS_ASSERTIONS = NO;
				ENABLE_STRICT_OBJC_MSGSEND = YES;
				GCC_C_LANGUAGE_STANDARD = gnu99;
				GCC_WARN_64_TO_32_BIT_CONVERSION = YES;
				GCC_WARN_ABOUT_RETURN_TYPE = YES_ERROR;
				GCC_WARN_UNDECLARED_SELECTOR = YES;
				GCC_WARN_UNINITIALIZED_AUTOS = YES_AGGRESSIVE;
				GCC_WARN_UNUSED_FUNCTION = YES;
				GCC_WARN_UNUSED_VARIABLE = YES;
				IPHONEOS_DEPLOYMENT_TARGET = 8.2;
				MTL_ENABLE_DEBUG_INFO = NO;
				SDKROOT = iphoneos;
				VALIDATE_PRODUCT = YES;
			};
			name = Release;
		};
		42FE5DE31ABA5C84005B6673 /* Debug */ = {
			isa = XCBuildConfiguration;
			baseConfigurationReference = 3AEDED8738AA656D16535C38 /* Pods.debug.xcconfig */;
			buildSettings = {
				ALWAYS_SEARCH_USER_PATHS = YES;
				ASSETCATALOG_COMPILER_APPICON_NAME = AppIcon;
				CODE_SIGN_IDENTITY = "iPhone Developer";
				GCC_INCREASE_PRECOMPILED_HEADER_SHARING = NO;
				INFOPLIST_FILE = Library/Info.plist;
				IPHONEOS_DEPLOYMENT_TARGET = 8.0;
				LD_RUNPATH_SEARCH_PATHS = "$(inherited) @executable_path/Frameworks";
				PRODUCT_NAME = "$(TARGET_NAME)";
			};
			name = Debug;
		};
		42FE5DE41ABA5C84005B6673 /* Release */ = {
			isa = XCBuildConfiguration;
			baseConfigurationReference = A35EC7AFCC287B8D1246F358 /* Pods.release.xcconfig */;
			buildSettings = {
				ALWAYS_SEARCH_USER_PATHS = YES;
				ASSETCATALOG_COMPILER_APPICON_NAME = AppIcon;
				CODE_SIGN_IDENTITY = "iPhone Developer";
				GCC_INCREASE_PRECOMPILED_HEADER_SHARING = NO;
				INFOPLIST_FILE = Library/Info.plist;
				IPHONEOS_DEPLOYMENT_TARGET = 8.0;
				LD_RUNPATH_SEARCH_PATHS = "$(inherited) @executable_path/Frameworks";
				PRODUCT_NAME = "$(TARGET_NAME)";
			};
			name = Release;
		};
		42FE5DE61ABA5C84005B6673 /* Debug */ = {
			isa = XCBuildConfiguration;
			buildSettings = {
				BUNDLE_LOADER = "$(TEST_HOST)";
				FRAMEWORK_SEARCH_PATHS = (
					"$(SDKROOT)/Developer/Library/Frameworks",
					"$(inherited)",
				);
				GCC_PREPROCESSOR_DEFINITIONS = (
					"DEBUG=1",
					"$(inherited)",
				);
				INFOPLIST_FILE = LibraryTests/Info.plist;
				LD_RUNPATH_SEARCH_PATHS = "$(inherited) @executable_path/Frameworks @loader_path/Frameworks";
				PRODUCT_NAME = "$(TARGET_NAME)";
				TEST_HOST = "$(BUILT_PRODUCTS_DIR)/Library.app/Library";
			};
			name = Debug;
		};
		42FE5DE71ABA5C84005B6673 /* Release */ = {
			isa = XCBuildConfiguration;
			buildSettings = {
				BUNDLE_LOADER = "$(TEST_HOST)";
				FRAMEWORK_SEARCH_PATHS = (
					"$(SDKROOT)/Developer/Library/Frameworks",
					"$(inherited)",
				);
				INFOPLIST_FILE = LibraryTests/Info.plist;
				LD_RUNPATH_SEARCH_PATHS = "$(inherited) @executable_path/Frameworks @loader_path/Frameworks";
				PRODUCT_NAME = "$(TARGET_NAME)";
				TEST_HOST = "$(BUILT_PRODUCTS_DIR)/Library.app/Library";
			};
			name = Release;
		};
/* End XCBuildConfiguration section */

/* Begin XCConfigurationList section */
		42FE5DB71ABA5C84005B6673 /* Build configuration list for PBXProject "Library" */ = {
			isa = XCConfigurationList;
			buildConfigurations = (
				42FE5DE01ABA5C84005B6673 /* Debug */,
				42FE5DE11ABA5C84005B6673 /* Release */,
			);
			defaultConfigurationIsVisible = 0;
			defaultConfigurationName = Release;
		};
		42FE5DE21ABA5C84005B6673 /* Build configuration list for PBXNativeTarget "Library" */ = {
			isa = XCConfigurationList;
			buildConfigurations = (
				42FE5DE31ABA5C84005B6673 /* Debug */,
				42FE5DE41ABA5C84005B6673 /* Release */,
			);
			defaultConfigurationIsVisible = 0;
			defaultConfigurationName = Release;
		};
		42FE5DE51ABA5C84005B6673 /* Build configuration list for PBXNativeTarget "LibraryTests" */ = {
			isa = XCConfigurationList;
			buildConfigurations = (
				42FE5DE61ABA5C84005B6673 /* Debug */,
				42FE5DE71ABA5C84005B6673 /* Release */,
			);
			defaultConfigurationIsVisible = 0;
			defaultConfigurationName = Release;
		};
/* End XCConfigurationList section */

/* Begin XCVersionGroup section */
		42FE5DC61ABA5C84005B6673 /* Library.xcdatamodeld */ = {
			isa = XCVersionGroup;
			children = (
				42FE5DC71ABA5C84005B6673 /* Library.xcdatamodel */,
			);
			currentVersion = 42FE5DC71ABA5C84005B6673 /* Library.xcdatamodel */;
			path = Library.xcdatamodeld;
			sourceTree = "<group>";
			versionGroupType = wrapper.xcdatamodel;
		};
/* End XCVersionGroup section */
	};
	rootObject = 42FE5DB41ABA5C84005B6673 /* Project object */;
}
